{
  "name": "3d env",
  "lockfileVersion": 2,
  "requires": true,
  "packages": {
    "": {
      "dependencies": {
        "webgl-obj-loader": "^2.0.8"
      }
    },
    "node_modules/webgl-obj-loader": {
      "version": "2.0.8",
      "resolved": "https://registry.npmjs.org/webgl-obj-loader/-/webgl-obj-loader-2.0.8.tgz",
      "integrity": "sha512-5QoPMU437sJ5k/x9Z4ZJt/V0vQD7gNsPv38EwAhUbm9L85VPWK6RN88aI1KlbBGz8cj3OCkcLqqQcahZTy78QQ=="
    }
  },
  "dependencies": {
    "webgl-obj-loader": {
      "version": "2.0.8",
      "resolved": "https://registry.npmjs.org/webgl-obj-loader/-/webgl-obj-loader-2.0.8.tgz",
      "integrity": "sha512-5QoPMU437sJ5k/x9Z4ZJt/V0vQD7gNsPv38EwAhUbm9L85VPWK6RN88aI1KlbBGz8cj3OCkcLqqQcahZTy78QQ=="
    }
  }
}
